
Microsoft Visual Studio Solution File, Format Version 12.00
# Visual Studio 14
VisualStudioVersion = 14.0.25420.1
MinimumVisualStudioVersion = 10.0.40219.1
Project("{FAE04EC0-301F-11D3-BF4B-00C04F79EFBC}") = "ARCL.WebApi", "ARCL.WebApi\ARCL.WebApi.csproj", "{110745E8-6004-46CA-8499-6977998C0408}"
EndProject
Project("{00D1A9C2-B5F0-4AF3-8072-F6C62B433612}") = "ARCL.Database", "Database1\ARCL.Database.sqlproj", "{8686DAF8-38B7-4A44-B4CB-CF342175C6AD}"
EndProject
Project("{FAE04EC0-301F-11D3-BF4B-00C04F79EFBC}") = "ARCL.Models", "ARCL.Models\ARCL.Models.csproj", "{B6A6EF49-EB2B-4F3C-9894-E1FFBAC39D51}"
EndProject
Project("{FAE04EC0-301F-11D3-BF4B-00C04F79EFBC}") = "ARCL.DBModel", "DBModel\ARCL.DBModel.csproj", "{BAB63C08-497D-4920-BD0C-606300817FFE}"
EndProject
Project("{FAE04EC0-301F-11D3-BF4B-00C04F79EFBC}") = "ARCL.BusinessService", "ARCL.BusinessService\ARCL.BusinessService.csproj", "{B792DFC6-6A53-41F7-80F4-314A78D00EA4}"
EndProject
Project("{FAE04EC0-301F-11D3-BF4B-00C04F79EFBC}") = "ARCL.Repository", "ARCL.Repository\ARCL.Repository.csproj", "{669EFB8D-478A-481A-BB2C-919CB97C06E9}"
EndProject
Project("{FAE04EC0-301F-11D3-BF4B-00C04F79EFBC}") = "ARCL.SelfHost", "ARCL.SelfHost\ARCL.SelfHost.csproj", "{908F9C39-5EC0-44FE-A4C8-7AE933051E48}"
EndProject
Global
	GlobalSection(SolutionConfigurationPlatforms) = preSolution
		Ad-Hoc|Any CPU = Ad-Hoc|Any CPU
		Ad-Hoc|iPhone = Ad-Hoc|iPhone
		Ad-Hoc|iPhoneSimulator = Ad-Hoc|iPhoneSimulator
		AppStore|Any CPU = AppStore|Any CPU
		AppStore|iPhone = AppStore|iPhone
		AppStore|iPhoneSimulator = AppStore|iPhoneSimulator
		Debug|Any CPU = Debug|Any CPU
		Debug|iPhone = Debug|iPhone
		Debug|iPhoneSimulator = Debug|iPhoneSimulator
		Release|Any CPU = Release|Any CPU
		Release|iPhone = Release|iPhone
		Release|iPhoneSimulator = Release|iPhoneSimulator
	EndGlobalSection
	GlobalSection(ProjectConfigurationPlatforms) = postSolution
		{110745E8-6004-46CA-8499-6977998C0408}.Ad-Hoc|Any CPU.ActiveCfg = Release|Any CPU
		{110745E8-6004-46CA-8499-6977998C0408}.Ad-Hoc|Any CPU.Build.0 = Release|Any CPU
		{110745E8-6004-46CA-8499-6977998C0408}.Ad-Hoc|iPhone.ActiveCfg = Release|Any CPU
		{110745E8-6004-46CA-8499-6977998C0408}.Ad-Hoc|iPhone.Build.0 = Release|Any CPU
		{110745E8-6004-46CA-8499-6977998C0408}.Ad-Hoc|iPhoneSimulator.ActiveCfg = Release|Any CPU
		{110745E8-6004-46CA-8499-6977998C0408}.Ad-Hoc|iPhoneSimulator.Build.0 = Release|Any CPU
		{110745E8-6004-46CA-8499-6977998C0408}.AppStore|Any CPU.ActiveCfg = Release|Any CPU
		{110745E8-6004-46CA-8499-6977998C0408}.AppStore|Any CPU.Build.0 = Release|Any CPU
		{110745E8-6004-46CA-8499-6977998C0408}.AppStore|iPhone.ActiveCfg = Release|Any CPU
		{110745E8-6004-46CA-8499-6977998C0408}.AppStore|iPhone.Build.0 = Release|Any CPU
		{110745E8-6004-46CA-8499-6977998C0408}.AppStore|iPhoneSimulator.ActiveCfg = Release|Any CPU
		{110745E8-6004-46CA-8499-6977998C0408}.AppStore|iPhoneSimulator.Build.0 = Release|Any CPU
		{110745E8-6004-46CA-8499-6977998C0408}.Debug|Any CPU.ActiveCfg = Debug|Any CPU
		{110745E8-6004-46CA-8499-6977998C0408}.Debug|Any CPU.Build.0 = Debug|Any CPU
		{110745E8-6004-46CA-8499-6977998C0408}.Debug|iPhone.ActiveCfg = Debug|Any CPU
		{110745E8-6004-46CA-8499-6977998C0408}.Debug|iPhone.Build.0 = Debug|Any CPU
		{110745E8-6004-46CA-8499-6977998C0408}.Debug|iPhoneSimulator.ActiveCfg = Debug|Any CPU
		{110745E8-6004-46CA-8499-6977998C0408}.Debug|iPhoneSimulator.Build.0 = Debug|Any CPU
		{110745E8-6004-46CA-8499-6977998C0408}.Release|Any CPU.ActiveCfg = Release|Any CPU
		{110745E8-6004-46CA-8499-6977998C0408}.Release|Any CPU.Build.0 = Release|Any CPU
		{110745E8-6004-46CA-8499-6977998C0408}.Release|iPhone.ActiveCfg = Release|Any CPU
		{110745E8-6004-46CA-8499-6977998C0408}.Release|iPhone.Build.0 = Release|Any CPU
		{110745E8-6004-46CA-8499-6977998C0408}.Release|iPhoneSimulator.ActiveCfg = Release|Any CPU
		{110745E8-6004-46CA-8499-6977998C0408}.Release|iPhoneSimulator.Build.0 = Release|Any CPU
		{8686DAF8-38B7-4A44-B4CB-CF342175C6AD}.Ad-Hoc|Any CPU.ActiveCfg = Release|Any CPU
		{8686DAF8-38B7-4A44-B4CB-CF342175C6AD}.Ad-Hoc|Any CPU.Build.0 = Release|Any CPU
		{8686DAF8-38B7-4A44-B4CB-CF342175C6AD}.Ad-Hoc|Any CPU.Deploy.0 = Release|Any CPU
		{8686DAF8-38B7-4A44-B4CB-CF342175C6AD}.Ad-Hoc|iPhone.ActiveCfg = Release|Any CPU
		{8686DAF8-38B7-4A44-B4CB-CF342175C6AD}.Ad-Hoc|iPhone.Build.0 = Release|Any CPU
		{8686DAF8-38B7-4A44-B4CB-CF342175C6AD}.Ad-Hoc|iPhone.Deploy.0 = Release|Any CPU
		{8686DAF8-38B7-4A44-B4CB-CF342175C6AD}.Ad-Hoc|iPhoneSimulator.ActiveCfg = Release|Any CPU
		{8686DAF8-38B7-4A44-B4CB-CF342175C6AD}.Ad-Hoc|iPhoneSimulator.Build.0 = Release|Any CPU
		{8686DAF8-38B7-4A44-B4CB-CF342175C6AD}.Ad-Hoc|iPhoneSimulator.Deploy.0 = Release|Any CPU
		{8686DAF8-38B7-4A44-B4CB-CF342175C6AD}.AppStore|Any CPU.ActiveCfg = Release|Any CPU
		{8686DAF8-38B7-4A44-B4CB-CF342175C6AD}.AppStore|Any CPU.Build.0 = Release|Any CPU
		{8686DAF8-38B7-4A44-B4CB-CF342175C6AD}.AppStore|Any CPU.Deploy.0 = Release|Any CPU
		{8686DAF8-38B7-4A44-B4CB-CF342175C6AD}.AppStore|iPhone.ActiveCfg = Release|Any CPU
		{8686DAF8-38B7-4A44-B4CB-CF342175C6AD}.AppStore|iPhone.Build.0 = Release|Any CPU
		{8686DAF8-38B7-4A44-B4CB-CF342175C6AD}.AppStore|iPhone.Deploy.0 = Release|Any CPU
		{8686DAF8-38B7-4A44-B4CB-CF342175C6AD}.AppStore|iPhoneSimulator.ActiveCfg = Release|Any CPU
		{8686DAF8-38B7-4A44-B4CB-CF342175C6AD}.AppStore|iPhoneSimulator.Build.0 = Release|Any CPU
		{8686DAF8-38B7-4A44-B4CB-CF342175C6AD}.AppStore|iPhoneSimulator.Deploy.0 = Release|Any CPU
		{8686DAF8-38B7-4A44-B4CB-CF342175C6AD}.Debug|Any CPU.ActiveCfg = Debug|Any CPU
		{8686DAF8-38B7-4A44-B4CB-CF342175C6AD}.Debug|Any CPU.Build.0 = Debug|Any CPU
		{8686DAF8-38B7-4A44-B4CB-CF342175C6AD}.Debug|Any CPU.Deploy.0 = Debug|Any CPU
		{8686DAF8-38B7-4A44-B4CB-CF342175C6AD}.Debug|iPhone.ActiveCfg = Debug|Any CPU
		{8686DAF8-38B7-4A44-B4CB-CF342175C6AD}.Debug|iPhone.Build.0 = Debug|Any CPU
		{8686DAF8-38B7-4A44-B4CB-CF342175C6AD}.Debug|iPhone.Deploy.0 = Debug|Any CPU
		{8686DAF8-38B7-4A44-B4CB-CF342175C6AD}.Debug|iPhoneSimulator.ActiveCfg = Debug|Any CPU
		{8686DAF8-38B7-4A44-B4CB-CF342175C6AD}.Debug|iPhoneSimulator.Build.0 = Debug|Any CPU
		{8686DAF8-38B7-4A44-B4CB-CF342175C6AD}.Debug|iPhoneSimulator.Deploy.0 = Debug|Any CPU
		{8686DAF8-38B7-4A44-B4CB-CF342175C6AD}.Release|Any CPU.ActiveCfg = Release|Any CPU
		{8686DAF8-38B7-4A44-B4CB-CF342175C6AD}.Release|Any CPU.Build.0 = Release|Any CPU
		{8686DAF8-38B7-4A44-B4CB-CF342175C6AD}.Release|Any CPU.Deploy.0 = Release|Any CPU
		{8686DAF8-38B7-4A44-B4CB-CF342175C6AD}.Release|iPhone.ActiveCfg = Release|Any CPU
		{8686DAF8-38B7-4A44-B4CB-CF342175C6AD}.Release|iPhone.Build.0 = Release|Any CPU
		{8686DAF8-38B7-4A44-B4CB-CF342175C6AD}.Release|iPhone.Deploy.0 = Release|Any CPU
		{8686DAF8-38B7-4A44-B4CB-CF342175C6AD}.Release|iPhoneSimulator.ActiveCfg = Release|Any CPU
		{8686DAF8-38B7-4A44-B4CB-CF342175C6AD}.Release|iPhoneSimulator.Build.0 = Release|Any CPU
		{8686DAF8-38B7-4A44-B4CB-CF342175C6AD}.Release|iPhoneSimulator.Deploy.0 = Release|Any CPU
		{B6A6EF49-EB2B-4F3C-9894-E1FFBAC39D51}.Ad-Hoc|Any CPU.ActiveCfg = Release|Any CPU
		{B6A6EF49-EB2B-4F3C-9894-E1FFBAC39D51}.Ad-Hoc|Any CPU.Build.0 = Release|Any CPU
		{B6A6EF49-EB2B-4F3C-9894-E1FFBAC39D51}.Ad-Hoc|iPhone.ActiveCfg = Release|Any CPU
		{B6A6EF49-EB2B-4F3C-9894-E1FFBAC39D51}.Ad-Hoc|iPhone.Build.0 = Release|Any CPU
		{B6A6EF49-EB2B-4F3C-9894-E1FFBAC39D51}.Ad-Hoc|iPhoneSimulator.ActiveCfg = Release|Any CPU
		{B6A6EF49-EB2B-4F3C-9894-E1FFBAC39D51}.Ad-Hoc|iPhoneSimulator.Build.0 = Release|Any CPU
		{B6A6EF49-EB2B-4F3C-9894-E1FFBAC39D51}.AppStore|Any CPU.ActiveCfg = Release|Any CPU
		{B6A6EF49-EB2B-4F3C-9894-E1FFBAC39D51}.AppStore|Any CPU.Build.0 = Release|Any CPU
		{B6A6EF49-EB2B-4F3C-9894-E1FFBAC39D51}.AppStore|iPhone.ActiveCfg = Release|Any CPU
		{B6A6EF49-EB2B-4F3C-9894-E1FFBAC39D51}.AppStore|iPhone.Build.0 = Release|Any CPU
		{B6A6EF49-EB2B-4F3C-9894-E1FFBAC39D51}.AppStore|iPhoneSimulator.ActiveCfg = Release|Any CPU
		{B6A6EF49-EB2B-4F3C-9894-E1FFBAC39D51}.AppStore|iPhoneSimulator.Build.0 = Release|Any CPU
		{B6A6EF49-EB2B-4F3C-9894-E1FFBAC39D51}.Debug|Any CPU.ActiveCfg = Debug|Any CPU
		{B6A6EF49-EB2B-4F3C-9894-E1FFBAC39D51}.Debug|Any CPU.Build.0 = Debug|Any CPU
		{B6A6EF49-EB2B-4F3C-9894-E1FFBAC39D51}.Debug|iPhone.ActiveCfg = Debug|Any CPU
		{B6A6EF49-EB2B-4F3C-9894-E1FFBAC39D51}.Debug|iPhone.Build.0 = Debug|Any CPU
		{B6A6EF49-EB2B-4F3C-9894-E1FFBAC39D51}.Debug|iPhoneSimulator.ActiveCfg = Debug|Any CPU
		{B6A6EF49-EB2B-4F3C-9894-E1FFBAC39D51}.Debug|iPhoneSimulator.Build.0 = Debug|Any CPU
		{B6A6EF49-EB2B-4F3C-9894-E1FFBAC39D51}.Release|Any CPU.ActiveCfg = Release|Any CPU
		{B6A6EF49-EB2B-4F3C-9894-E1FFBAC39D51}.Release|Any CPU.Build.0 = Release|Any CPU
		{B6A6EF49-EB2B-4F3C-9894-E1FFBAC39D51}.Release|iPhone.ActiveCfg = Release|Any CPU
		{B6A6EF49-EB2B-4F3C-9894-E1FFBAC39D51}.Release|iPhone.Build.0 = Release|Any CPU
		{B6A6EF49-EB2B-4F3C-9894-E1FFBAC39D51}.Release|iPhoneSimulator.ActiveCfg = Release|Any CPU
		{B6A6EF49-EB2B-4F3C-9894-E1FFBAC39D51}.Release|iPhoneSimulator.Build.0 = Release|Any CPU
		{BAB63C08-497D-4920-BD0C-606300817FFE}.Ad-Hoc|Any CPU.ActiveCfg = Release|Any CPU
		{BAB63C08-497D-4920-BD0C-606300817FFE}.Ad-Hoc|Any CPU.Build.0 = Release|Any CPU
		{BAB63C08-497D-4920-BD0C-606300817FFE}.Ad-Hoc|iPhone.ActiveCfg = Release|Any CPU
		{BAB63C08-497D-4920-BD0C-606300817FFE}.Ad-Hoc|iPhone.Build.0 = Release|Any CPU
		{BAB63C08-497D-4920-BD0C-606300817FFE}.Ad-Hoc|iPhoneSimulator.ActiveCfg = Release|Any CPU
		{BAB63C08-497D-4920-BD0C-606300817FFE}.Ad-Hoc|iPhoneSimulator.Build.0 = Release|Any CPU
		{BAB63C08-497D-4920-BD0C-606300817FFE}.AppStore|Any CPU.ActiveCfg = Release|Any CPU
		{BAB63C08-497D-4920-BD0C-606300817FFE}.AppStore|Any CPU.Build.0 = Release|Any CPU
		{BAB63C08-497D-4920-BD0C-606300817FFE}.AppStore|iPhone.ActiveCfg = Release|Any CPU
		{BAB63C08-497D-4920-BD0C-606300817FFE}.AppStore|iPhone.Build.0 = Release|Any CPU
		{BAB63C08-497D-4920-BD0C-606300817FFE}.AppStore|iPhoneSimulator.ActiveCfg = Release|Any CPU
		{BAB63C08-497D-4920-BD0C-606300817FFE}.AppStore|iPhoneSimulator.Build.0 = Release|Any CPU
		{BAB63C08-497D-4920-BD0C-606300817FFE}.Debug|Any CPU.ActiveCfg = Debug|Any CPU
		{BAB63C08-497D-4920-BD0C-606300817FFE}.Debug|Any CPU.Build.0 = Debug|Any CPU
		{BAB63C08-497D-4920-BD0C-606300817FFE}.Debug|iPhone.ActiveCfg = Debug|Any CPU
		{BAB63C08-497D-4920-BD0C-606300817FFE}.Debug|iPhone.Build.0 = Debug|Any CPU
		{BAB63C08-497D-4920-BD0C-606300817FFE}.Debug|iPhoneSimulator.ActiveCfg = Debug|Any CPU
		{BAB63C08-497D-4920-BD0C-606300817FFE}.Debug|iPhoneSimulator.Build.0 = Debug|Any CPU
		{BAB63C08-497D-4920-BD0C-606300817FFE}.Release|Any CPU.ActiveCfg = Release|Any CPU
		{BAB63C08-497D-4920-BD0C-606300817FFE}.Release|Any CPU.Build.0 = Release|Any CPU
		{BAB63C08-497D-4920-BD0C-606300817FFE}.Release|iPhone.ActiveCfg = Release|Any CPU
		{BAB63C08-497D-4920-BD0C-606300817FFE}.Release|iPhone.Build.0 = Release|Any CPU
		{BAB63C08-497D-4920-BD0C-606300817FFE}.Release|iPhoneSimulator.ActiveCfg = Release|Any CPU
		{BAB63C08-497D-4920-BD0C-606300817FFE}.Release|iPhoneSimulator.Build.0 = Release|Any CPU
		{B792DFC6-6A53-41F7-80F4-314A78D00EA4}.Ad-Hoc|Any CPU.ActiveCfg = Release|Any CPU
		{B792DFC6-6A53-41F7-80F4-314A78D00EA4}.Ad-Hoc|Any CPU.Build.0 = Release|Any CPU
		{B792DFC6-6A53-41F7-80F4-314A78D00EA4}.Ad-Hoc|iPhone.ActiveCfg = Release|Any CPU
		{B792DFC6-6A53-41F7-80F4-314A78D00EA4}.Ad-Hoc|iPhone.Build.0 = Release|Any CPU
		{B792DFC6-6A53-41F7-80F4-314A78D00EA4}.Ad-Hoc|iPhoneSimulator.ActiveCfg = Release|Any CPU
		{B792DFC6-6A53-41F7-80F4-314A78D00EA4}.Ad-Hoc|iPhoneSimulator.Build.0 = Release|Any CPU
		{B792DFC6-6A53-41F7-80F4-314A78D00EA4}.AppStore|Any CPU.ActiveCfg = Release|Any CPU
		{B792DFC6-6A53-41F7-80F4-314A78D00EA4}.AppStore|Any CPU.Build.0 = Release|Any CPU
		{B792DFC6-6A53-41F7-80F4-314A78D00EA4}.AppStore|iPhone.ActiveCfg = Release|Any CPU
		{B792DFC6-6A53-41F7-80F4-314A78D00EA4}.AppStore|iPhone.Build.0 = Release|Any CPU
		{B792DFC6-6A53-41F7-80F4-314A78D00EA4}.AppStore|iPhoneSimulator.ActiveCfg = Release|Any CPU
		{B792DFC6-6A53-41F7-80F4-314A78D00EA4}.AppStore|iPhoneSimulator.Build.0 = Release|Any CPU
		{B792DFC6-6A53-41F7-80F4-314A78D00EA4}.Debug|Any CPU.ActiveCfg = Debug|Any CPU
		{B792DFC6-6A53-41F7-80F4-314A78D00EA4}.Debug|Any CPU.Build.0 = Debug|Any CPU
		{B792DFC6-6A53-41F7-80F4-314A78D00EA4}.Debug|iPhone.ActiveCfg = Debug|Any CPU
		{B792DFC6-6A53-41F7-80F4-314A78D00EA4}.Debug|iPhone.Build.0 = Debug|Any CPU
		{B792DFC6-6A53-41F7-80F4-314A78D00EA4}.Debug|iPhoneSimulator.ActiveCfg = Debug|Any CPU
		{B792DFC6-6A53-41F7-80F4-314A78D00EA4}.Debug|iPhoneSimulator.Build.0 = Debug|Any CPU
		{B792DFC6-6A53-41F7-80F4-314A78D00EA4}.Release|Any CPU.ActiveCfg = Release|Any CPU
		{B792DFC6-6A53-41F7-80F4-314A78D00EA4}.Release|Any CPU.Build.0 = Release|Any CPU
		{B792DFC6-6A53-41F7-80F4-314A78D00EA4}.Release|iPhone.ActiveCfg = Release|Any CPU
		{B792DFC6-6A53-41F7-80F4-314A78D00EA4}.Release|iPhone.Build.0 = Release|Any CPU
		{B792DFC6-6A53-41F7-80F4-314A78D00EA4}.Release|iPhoneSimulator.ActiveCfg = Release|Any CPU
		{B792DFC6-6A53-41F7-80F4-314A78D00EA4}.Release|iPhoneSimulator.Build.0 = Release|Any CPU
		{669EFB8D-478A-481A-BB2C-919CB97C06E9}.Ad-Hoc|Any CPU.ActiveCfg = Release|Any CPU
		{669EFB8D-478A-481A-BB2C-919CB97C06E9}.Ad-Hoc|Any CPU.Build.0 = Release|Any CPU
		{669EFB8D-478A-481A-BB2C-919CB97C06E9}.Ad-Hoc|iPhone.ActiveCfg = Release|Any CPU
		{669EFB8D-478A-481A-BB2C-919CB97C06E9}.Ad-Hoc|iPhone.Build.0 = Release|Any CPU
		{669EFB8D-478A-481A-BB2C-919CB97C06E9}.Ad-Hoc|iPhoneSimulator.ActiveCfg = Release|Any CPU
		{669EFB8D-478A-481A-BB2C-919CB97C06E9}.Ad-Hoc|iPhoneSimulator.Build.0 = Release|Any CPU
		{669EFB8D-478A-481A-BB2C-919CB97C06E9}.AppStore|Any CPU.ActiveCfg = Release|Any CPU
		{669EFB8D-478A-481A-BB2C-919CB97C06E9}.AppStore|Any CPU.Build.0 = Release|Any CPU
		{669EFB8D-478A-481A-BB2C-919CB97C06E9}.AppStore|iPhone.ActiveCfg = Release|Any CPU
		{669EFB8D-478A-481A-BB2C-919CB97C06E9}.AppStore|iPhone.Build.0 = Release|Any CPU
		{669EFB8D-478A-481A-BB2C-919CB97C06E9}.AppStore|iPhoneSimulator.ActiveCfg = Release|Any CPU
		{669EFB8D-478A-481A-BB2C-919CB97C06E9}.AppStore|iPhoneSimulator.Build.0 = Release|Any CPU
		{669EFB8D-478A-481A-BB2C-919CB97C06E9}.Debug|Any CPU.ActiveCfg = Debug|Any CPU
		{669EFB8D-478A-481A-BB2C-919CB97C06E9}.Debug|Any CPU.Build.0 = Debug|Any CPU
		{669EFB8D-478A-481A-BB2C-919CB97C06E9}.Debug|iPhone.ActiveCfg = Debug|Any CPU
		{669EFB8D-478A-481A-BB2C-919CB97C06E9}.Debug|iPhone.Build.0 = Debug|Any CPU
		{669EFB8D-478A-481A-BB2C-919CB97C06E9}.Debug|iPhoneSimulator.ActiveCfg = Debug|Any CPU
		{669EFB8D-478A-481A-BB2C-919CB97C06E9}.Debug|iPhoneSimulator.Build.0 = Debug|Any CPU
		{669EFB8D-478A-481A-BB2C-919CB97C06E9}.Release|Any CPU.ActiveCfg = Release|Any CPU
		{669EFB8D-478A-481A-BB2C-919CB97C06E9}.Release|Any CPU.Build.0 = Release|Any CPU
		{669EFB8D-478A-481A-BB2C-919CB97C06E9}.Release|iPhone.ActiveCfg = Release|Any CPU
		{669EFB8D-478A-481A-BB2C-919CB97C06E9}.Release|iPhone.Build.0 = Release|Any CPU
		{669EFB8D-478A-481A-BB2C-919CB97C06E9}.Release|iPhoneSimulator.ActiveCfg = Release|Any CPU
		{669EFB8D-478A-481A-BB2C-919CB97C06E9}.Release|iPhoneSimulator.Build.0 = Release|Any CPU
		{908F9C39-5EC0-44FE-A4C8-7AE933051E48}.Ad-Hoc|Any CPU.ActiveCfg = Release|Any CPU
		{908F9C39-5EC0-44FE-A4C8-7AE933051E48}.Ad-Hoc|Any CPU.Build.0 = Release|Any CPU
		{908F9C39-5EC0-44FE-A4C8-7AE933051E48}.Ad-Hoc|iPhone.ActiveCfg = Release|Any CPU
		{908F9C39-5EC0-44FE-A4C8-7AE933051E48}.Ad-Hoc|iPhone.Build.0 = Release|Any CPU
		{908F9C39-5EC0-44FE-A4C8-7AE933051E48}.Ad-Hoc|iPhoneSimulator.ActiveCfg = Release|Any CPU
		{908F9C39-5EC0-44FE-A4C8-7AE933051E48}.Ad-Hoc|iPhoneSimulator.Build.0 = Release|Any CPU
		{908F9C39-5EC0-44FE-A4C8-7AE933051E48}.AppStore|Any CPU.ActiveCfg = Release|Any CPU
		{908F9C39-5EC0-44FE-A4C8-7AE933051E48}.AppStore|Any CPU.Build.0 = Release|Any CPU
		{908F9C39-5EC0-44FE-A4C8-7AE933051E48}.AppStore|iPhone.ActiveCfg = Release|Any CPU
		{908F9C39-5EC0-44FE-A4C8-7AE933051E48}.AppStore|iPhone.Build.0 = Release|Any CPU
		{908F9C39-5EC0-44FE-A4C8-7AE933051E48}.AppStore|iPhoneSimulator.ActiveCfg = Release|Any CPU
		{908F9C39-5EC0-44FE-A4C8-7AE933051E48}.AppStore|iPhoneSimulator.Build.0 = Release|Any CPU
		{908F9C39-5EC0-44FE-A4C8-7AE933051E48}.Debug|Any CPU.ActiveCfg = Debug|Any CPU
		{908F9C39-5EC0-44FE-A4C8-7AE933051E48}.Debug|Any CPU.Build.0 = Debug|Any CPU
		{908F9C39-5EC0-44FE-A4C8-7AE933051E48}.Debug|iPhone.ActiveCfg = Debug|Any CPU
		{908F9C39-5EC0-44FE-A4C8-7AE933051E48}.Debug|iPhone.Build.0 = Debug|Any CPU
		{908F9C39-5EC0-44FE-A4C8-7AE933051E48}.Debug|iPhoneSimulator.ActiveCfg = Debug|Any CPU
		{908F9C39-5EC0-44FE-A4C8-7AE933051E48}.Debug|iPhoneSimulator.Build.0 = Debug|Any CPU
		{908F9C39-5EC0-44FE-A4C8-7AE933051E48}.Release|Any CPU.ActiveCfg = Release|Any CPU
		{908F9C39-5EC0-44FE-A4C8-7AE933051E48}.Release|Any CPU.Build.0 = Release|Any CPU
		{908F9C39-5EC0-44FE-A4C8-7AE933051E48}.Release|iPhone.ActiveCfg = Release|Any CPU
		{908F9C39-5EC0-44FE-A4C8-7AE933051E48}.Release|iPhone.Build.0 = Release|Any CPU
		{908F9C39-5EC0-44FE-A4C8-7AE933051E48}.Release|iPhoneSimulator.ActiveCfg = Release|Any CPU
		{908F9C39-5EC0-44FE-A4C8-7AE933051E48}.Release|iPhoneSimulator.Build.0 = Release|Any CPU
	EndGlobalSection
	GlobalSection(SolutionProperties) = preSolution
		HideSolutionNode = FALSE
	EndGlobalSection
EndGlobal
